
Microsoft Visual Studio Solution File, Format Version 12.00
# Visual Studio Version 17
VisualStudioVersion = 17.14.36109.1
MinimumVisualStudioVersion = 10.0.40219.1
Project("{FAE04EC0-301F-11D3-BF4B-00C04F79EFBC}") = "FirstProject", "FirstProject\FirstProject.csproj", "{C25A0D61-C2AD-47BF-A089-CD06DC776214}"
EndProject
Project("{FAE04EC0-301F-11D3-BF4B-00C04F79EFBC}") = "SecondProject", "second-project\SecondProject.csproj", "{B0A44BBC-AA81-46E1-A677-8A50A8676CC4}"
EndProject
Project("{FAE04EC0-301F-11D3-BF4B-00C04F79EFBC}") = "FirstDegree", "FirstDegree\FirstDegree.csproj", "{EB6CFAF2-C1ED-4316-B804-F2BD51C277F7}"
EndProject
Project("{FAE04EC0-301F-11D3-BF4B-00C04F79EFBC}") = "QuadraticEquation", "Quaratic\QuadraticEquation.csproj", "{5CFD6CD7-E807-4A49-9EED-C622AAE6EB7D}"
EndProject
Project("{FAE04EC0-301F-11D3-BF4B-00C04F79EFBC}") = "String_interaction", "String_inraction\String_interaction.csproj", "{8E16082E-62E3-4B90-BE24-53917EB759DD}"
EndProject
Project("{FAE04EC0-301F-11D3-BF4B-00C04F79EFBC}") = "simpleMath", "simpleMath\simpleMath.csproj", "{EE2EB7B3-8E92-4D68-99CF-D9D41AA36337}"
EndProject
Project("{FAE04EC0-301F-11D3-BF4B-00C04F79EFBC}") = "RefAndOut_Sample", "refAndOut_sample\RefAndOut_Sample.csproj", "{80911F46-4963-4EB3-9E7A-EF8B592F5588}"
EndProject
Project("{FAE04EC0-301F-11D3-BF4B-00C04F79EFBC}") = "TryPartSample", "TryPartSample\TryPartSample.csproj", "{2A31F8B3-057A-4BD9-8861-485630F3A244}"
EndProject
Project("{FAE04EC0-301F-11D3-BF4B-00C04F79EFBC}") = "ParamSample", "ParamSample\ParamSample.csproj", "{8D6E5CAC-E539-45A6-851B-05F1C9E7C1DD}"
EndProject
Project("{FAE04EC0-301F-11D3-BF4B-00C04F79EFBC}") = "TupleSample", "TupleSample\TupleSample.csproj", "{5AF79057-6475-443E-9D3A-DD67AE01C477}"
EndProject
Project("{FAE04EC0-301F-11D3-BF4B-00C04F79EFBC}") = "NestedLoop_Sort", "NestedLoop_Sort\NestedLoop_Sort.csproj", "{55020599-9DCB-40C7-8C38-81507833BEA2}"
EndProject
Project("{FAE04EC0-301F-11D3-BF4B-00C04F79EFBC}") = "NestedLoop", "NestedLoop\NestedLoop.csproj", "{0960978A-2F70-47F3-9FD2-795C99C6E453}"
EndProject
Project("{FAE04EC0-301F-11D3-BF4B-00C04F79EFBC}") = "OOP1", "OOP1\OOP1.csproj", "{702A0169-5DC8-4B1D-9D46-5C5E6E3F2BD7}"
EndProject
Project("{FAE04EC0-301F-11D3-BF4B-00C04F79EFBC}") = "OOP2", "OOP2\OOP2.csproj", "{09F33FDC-ACEF-4432-9498-BE200FE49CB4}"
EndProject
Project("{FAE04EC0-301F-11D3-BF4B-00C04F79EFBC}") = "OOP3_ExtensionMethod", "OOP3_ExtensionMethod\OOP3_ExtensionMethod.csproj", "{52D945E7-6819-4FA2-89CA-C0C092570BAE}"
EndProject
Project("{FAE04EC0-301F-11D3-BF4B-00C04F79EFBC}") = "OOP4_Reuse_OOP2", "OOP4_Reuse_OOP2\OOP4_Reuse_OOP2.csproj", "{2E78DD32-F769-4675-BD1A-68F1C2750505}"
EndProject
Project("{FAE04EC0-301F-11D3-BF4B-00C04F79EFBC}") = "OOP5_Generic_List", "OOP5_Generic_List\OOP5_Generic_List.csproj", "{24108F73-802C-42D8-A310-3F262087198C}"
EndProject
Project("{FAE04EC0-301F-11D3-BF4B-00C04F79EFBC}") = "OOP6_Distionary", "OOP6_Distionary\OOP6_Distionary.csproj", "{B23BFF4B-96C7-4FBF-9A26-DC72DF15931E}"
EndProject
Project("{2150E333-8FDC-42A3-9474-1A3956D46DE8}") = "chapter5", "chapter5", "{02EA681E-C7D8-13C7-8484-4AC65E1B71E8}"
EndProject
Project("{FAE04EC0-301F-11D3-BF4B-00C04F79EFBC}") = "BuilderPattern", "Chapter5\BuilderPattern\BuilderPattern.csproj", "{CA79B1A6-DD41-AEF6-7BF0-A7D9706996FA}"
EndProject
Project("{FAE04EC0-301F-11D3-BF4B-00C04F79EFBC}") = "FactoriesPattern", "Chapter5\FactoriesPattern\FactoriesPattern.csproj", "{EE0BAB35-78EB-7239-EA86-47199BBA8F83}"
EndProject
Project("{FAE04EC0-301F-11D3-BF4B-00C04F79EFBC}") = "ObserverPattern", "Chapter5\ObserverPattern\ObserverPattern.csproj", "{9D21791C-6B8D-3D2F-D529-F9BFCE1BC979}"
EndProject
Project("{FAE04EC0-301F-11D3-BF4B-00C04F79EFBC}") = "PrototypePattern", "Chapter5\PrototypePattern\PrototypePattern.csproj", "{EF915746-A058-D8FF-5699-754FDE195129}"
EndProject
Project("{FAE04EC0-301F-11D3-BF4B-00C04F79EFBC}") = "SingletonPattern", "Chapter5\SingletonPattern\SingletonPattern.csproj", "{DB8D403D-B7C5-7D76-0190-CB45EBCE652A}"
EndProject
Project("{FAE04EC0-301F-11D3-BF4B-00C04F79EFBC}") = "DemoAliasClone", "DemoAliasClone\DemoAliasClone.csproj", "{4A00B5B6-8D78-4B69-8C15-185364A29C16}"
EndProject
Global
	GlobalSection(SolutionConfigurationPlatforms) = preSolution
		Debug|Any CPU = Debug|Any CPU
		Release|Any CPU = Release|Any CPU
	EndGlobalSection
	GlobalSection(ProjectConfigurationPlatforms) = postSolution
		{C25A0D61-C2AD-47BF-A089-CD06DC776214}.Debug|Any CPU.ActiveCfg = Debug|Any CPU
		{C25A0D61-C2AD-47BF-A089-CD06DC776214}.Debug|Any CPU.Build.0 = Debug|Any CPU
		{C25A0D61-C2AD-47BF-A089-CD06DC776214}.Release|Any CPU.ActiveCfg = Release|Any CPU
		{C25A0D61-C2AD-47BF-A089-CD06DC776214}.Release|Any CPU.Build.0 = Release|Any CPU
		{B0A44BBC-AA81-46E1-A677-8A50A8676CC4}.Debug|Any CPU.ActiveCfg = Debug|Any CPU
		{B0A44BBC-AA81-46E1-A677-8A50A8676CC4}.Debug|Any CPU.Build.0 = Debug|Any CPU
		{B0A44BBC-AA81-46E1-A677-8A50A8676CC4}.Release|Any CPU.ActiveCfg = Release|Any CPU
		{B0A44BBC-AA81-46E1-A677-8A50A8676CC4}.Release|Any CPU.Build.0 = Release|Any CPU
		{EB6CFAF2-C1ED-4316-B804-F2BD51C277F7}.Debug|Any CPU.ActiveCfg = Debug|Any CPU
		{EB6CFAF2-C1ED-4316-B804-F2BD51C277F7}.Debug|Any CPU.Build.0 = Debug|Any CPU
		{EB6CFAF2-C1ED-4316-B804-F2BD51C277F7}.Release|Any CPU.ActiveCfg = Release|Any CPU
		{EB6CFAF2-C1ED-4316-B804-F2BD51C277F7}.Release|Any CPU.Build.0 = Release|Any CPU
		{5CFD6CD7-E807-4A49-9EED-C622AAE6EB7D}.Debug|Any CPU.ActiveCfg = Debug|Any CPU
		{5CFD6CD7-E807-4A49-9EED-C622AAE6EB7D}.Debug|Any CPU.Build.0 = Debug|Any CPU
		{5CFD6CD7-E807-4A49-9EED-C622AAE6EB7D}.Release|Any CPU.ActiveCfg = Release|Any CPU
		{5CFD6CD7-E807-4A49-9EED-C622AAE6EB7D}.Release|Any CPU.Build.0 = Release|Any CPU
		{8E16082E-62E3-4B90-BE24-53917EB759DD}.Debug|Any CPU.ActiveCfg = Debug|Any CPU
		{8E16082E-62E3-4B90-BE24-53917EB759DD}.Debug|Any CPU.Build.0 = Debug|Any CPU
		{8E16082E-62E3-4B90-BE24-53917EB759DD}.Release|Any CPU.ActiveCfg = Release|Any CPU
		{8E16082E-62E3-4B90-BE24-53917EB759DD}.Release|Any CPU.Build.0 = Release|Any CPU
		{EE2EB7B3-8E92-4D68-99CF-D9D41AA36337}.Debug|Any CPU.ActiveCfg = Debug|Any CPU
		{EE2EB7B3-8E92-4D68-99CF-D9D41AA36337}.Debug|Any CPU.Build.0 = Debug|Any CPU
		{EE2EB7B3-8E92-4D68-99CF-D9D41AA36337}.Release|Any CPU.ActiveCfg = Release|Any CPU
		{EE2EB7B3-8E92-4D68-99CF-D9D41AA36337}.Release|Any CPU.Build.0 = Release|Any CPU
		{80911F46-4963-4EB3-9E7A-EF8B592F5588}.Debug|Any CPU.ActiveCfg = Debug|Any CPU
		{80911F46-4963-4EB3-9E7A-EF8B592F5588}.Debug|Any CPU.Build.0 = Debug|Any CPU
		{80911F46-4963-4EB3-9E7A-EF8B592F5588}.Release|Any CPU.ActiveCfg = Release|Any CPU
		{80911F46-4963-4EB3-9E7A-EF8B592F5588}.Release|Any CPU.Build.0 = Release|Any CPU
		{2A31F8B3-057A-4BD9-8861-485630F3A244}.Debug|Any CPU.ActiveCfg = Debug|Any CPU
		{2A31F8B3-057A-4BD9-8861-485630F3A244}.Debug|Any CPU.Build.0 = Debug|Any CPU
		{2A31F8B3-057A-4BD9-8861-485630F3A244}.Release|Any CPU.ActiveCfg = Release|Any CPU
		{2A31F8B3-057A-4BD9-8861-485630F3A244}.Release|Any CPU.Build.0 = Release|Any CPU
		{8D6E5CAC-E539-45A6-851B-05F1C9E7C1DD}.Debug|Any CPU.ActiveCfg = Debug|Any CPU
		{8D6E5CAC-E539-45A6-851B-05F1C9E7C1DD}.Debug|Any CPU.Build.0 = Debug|Any CPU
		{8D6E5CAC-E539-45A6-851B-05F1C9E7C1DD}.Release|Any CPU.ActiveCfg = Release|Any CPU
		{8D6E5CAC-E539-45A6-851B-05F1C9E7C1DD}.Release|Any CPU.Build.0 = Release|Any CPU
		{5AF79057-6475-443E-9D3A-DD67AE01C477}.Debug|Any CPU.ActiveCfg = Debug|Any CPU
		{5AF79057-6475-443E-9D3A-DD67AE01C477}.Debug|Any CPU.Build.0 = Debug|Any CPU
		{5AF79057-6475-443E-9D3A-DD67AE01C477}.Release|Any CPU.ActiveCfg = Release|Any CPU
		{5AF79057-6475-443E-9D3A-DD67AE01C477}.Release|Any CPU.Build.0 = Release|Any CPU
		{55020599-9DCB-40C7-8C38-81507833BEA2}.Debug|Any CPU.ActiveCfg = Debug|Any CPU
		{55020599-9DCB-40C7-8C38-81507833BEA2}.Debug|Any CPU.Build.0 = Debug|Any CPU
		{55020599-9DCB-40C7-8C38-81507833BEA2}.Release|Any CPU.ActiveCfg = Release|Any CPU
		{55020599-9DCB-40C7-8C38-81507833BEA2}.Release|Any CPU.Build.0 = Release|Any CPU
		{0960978A-2F70-47F3-9FD2-795C99C6E453}.Debug|Any CPU.ActiveCfg = Debug|Any CPU
		{0960978A-2F70-47F3-9FD2-795C99C6E453}.Debug|Any CPU.Build.0 = Debug|Any CPU
		{0960978A-2F70-47F3-9FD2-795C99C6E453}.Release|Any CPU.ActiveCfg = Release|Any CPU
		{0960978A-2F70-47F3-9FD2-795C99C6E453}.Release|Any CPU.Build.0 = Release|Any CPU
		{702A0169-5DC8-4B1D-9D46-5C5E6E3F2BD7}.Debug|Any CPU.ActiveCfg = Debug|Any CPU
		{702A0169-5DC8-4B1D-9D46-5C5E6E3F2BD7}.Debug|Any CPU.Build.0 = Debug|Any CPU
		{702A0169-5DC8-4B1D-9D46-5C5E6E3F2BD7}.Release|Any CPU.ActiveCfg = Release|Any CPU
		{702A0169-5DC8-4B1D-9D46-5C5E6E3F2BD7}.Release|Any CPU.Build.0 = Release|Any CPU
		{09F33FDC-ACEF-4432-9498-BE200FE49CB4}.Debug|Any CPU.ActiveCfg = Debug|Any CPU
		{09F33FDC-ACEF-4432-9498-BE200FE49CB4}.Debug|Any CPU.Build.0 = Debug|Any CPU
		{09F33FDC-ACEF-4432-9498-BE200FE49CB4}.Release|Any CPU.ActiveCfg = Release|Any CPU
		{09F33FDC-ACEF-4432-9498-BE200FE49CB4}.Release|Any CPU.Build.0 = Release|Any CPU
		{52D945E7-6819-4FA2-89CA-C0C092570BAE}.Debug|Any CPU.ActiveCfg = Debug|Any CPU
		{52D945E7-6819-4FA2-89CA-C0C092570BAE}.Debug|Any CPU.Build.0 = Debug|Any CPU
		{52D945E7-6819-4FA2-89CA-C0C092570BAE}.Release|Any CPU.ActiveCfg = Release|Any CPU
		{52D945E7-6819-4FA2-89CA-C0C092570BAE}.Release|Any CPU.Build.0 = Release|Any CPU
		{2E78DD32-F769-4675-BD1A-68F1C2750505}.Debug|Any CPU.ActiveCfg = Debug|Any CPU
		{2E78DD32-F769-4675-BD1A-68F1C2750505}.Debug|Any CPU.Build.0 = Debug|Any CPU
		{2E78DD32-F769-4675-BD1A-68F1C2750505}.Release|Any CPU.ActiveCfg = Release|Any CPU
		{2E78DD32-F769-4675-BD1A-68F1C2750505}.Release|Any CPU.Build.0 = Release|Any CPU
		{24108F73-802C-42D8-A310-3F262087198C}.Debug|Any CPU.ActiveCfg = Debug|Any CPU
		{24108F73-802C-42D8-A310-3F262087198C}.Debug|Any CPU.Build.0 = Debug|Any CPU
		{24108F73-802C-42D8-A310-3F262087198C}.Release|Any CPU.ActiveCfg = Release|Any CPU
		{24108F73-802C-42D8-A310-3F262087198C}.Release|Any CPU.Build.0 = Release|Any CPU
		{B23BFF4B-96C7-4FBF-9A26-DC72DF15931E}.Debug|Any CPU.ActiveCfg = Debug|Any CPU
		{B23BFF4B-96C7-4FBF-9A26-DC72DF15931E}.Debug|Any CPU.Build.0 = Debug|Any CPU
		{B23BFF4B-96C7-4FBF-9A26-DC72DF15931E}.Release|Any CPU.ActiveCfg = Release|Any CPU
		{B23BFF4B-96C7-4FBF-9A26-DC72DF15931E}.Release|Any CPU.Build.0 = Release|Any CPU
		{CA79B1A6-DD41-AEF6-7BF0-A7D9706996FA}.Debug|Any CPU.ActiveCfg = Debug|Any CPU
		{CA79B1A6-DD41-AEF6-7BF0-A7D9706996FA}.Debug|Any CPU.Build.0 = Debug|Any CPU
		{CA79B1A6-DD41-AEF6-7BF0-A7D9706996FA}.Release|Any CPU.ActiveCfg = Release|Any CPU
		{CA79B1A6-DD41-AEF6-7BF0-A7D9706996FA}.Release|Any CPU.Build.0 = Release|Any CPU
		{EE0BAB35-78EB-7239-EA86-47199BBA8F83}.Debug|Any CPU.ActiveCfg = Debug|Any CPU
		{EE0BAB35-78EB-7239-EA86-47199BBA8F83}.Debug|Any CPU.Build.0 = Debug|Any CPU
		{EE0BAB35-78EB-7239-EA86-47199BBA8F83}.Release|Any CPU.ActiveCfg = Release|Any CPU
		{EE0BAB35-78EB-7239-EA86-47199BBA8F83}.Release|Any CPU.Build.0 = Release|Any CPU
		{9D21791C-6B8D-3D2F-D529-F9BFCE1BC979}.Debug|Any CPU.ActiveCfg = Debug|Any CPU
		{9D21791C-6B8D-3D2F-D529-F9BFCE1BC979}.Debug|Any CPU.Build.0 = Debug|Any CPU
		{9D21791C-6B8D-3D2F-D529-F9BFCE1BC979}.Release|Any CPU.ActiveCfg = Release|Any CPU
		{9D21791C-6B8D-3D2F-D529-F9BFCE1BC979}.Release|Any CPU.Build.0 = Release|Any CPU
		{EF915746-A058-D8FF-5699-754FDE195129}.Debug|Any CPU.ActiveCfg = Debug|Any CPU
		{EF915746-A058-D8FF-5699-754FDE195129}.Debug|Any CPU.Build.0 = Debug|Any CPU
		{EF915746-A058-D8FF-5699-754FDE195129}.Release|Any CPU.ActiveCfg = Release|Any CPU
		{EF915746-A058-D8FF-5699-754FDE195129}.Release|Any CPU.Build.0 = Release|Any CPU
		{DB8D403D-B7C5-7D76-0190-CB45EBCE652A}.Debug|Any CPU.ActiveCfg = Debug|Any CPU
		{DB8D403D-B7C5-7D76-0190-CB45EBCE652A}.Debug|Any CPU.Build.0 = Debug|Any CPU
		{DB8D403D-B7C5-7D76-0190-CB45EBCE652A}.Release|Any CPU.ActiveCfg = Release|Any CPU
		{DB8D403D-B7C5-7D76-0190-CB45EBCE652A}.Release|Any CPU.Build.0 = Release|Any CPU
		{4A00B5B6-8D78-4B69-8C15-185364A29C16}.Debug|Any CPU.ActiveCfg = Debug|Any CPU
		{4A00B5B6-8D78-4B69-8C15-185364A29C16}.Debug|Any CPU.Build.0 = Debug|Any CPU
		{4A00B5B6-8D78-4B69-8C15-185364A29C16}.Release|Any CPU.ActiveCfg = Release|Any CPU
		{4A00B5B6-8D78-4B69-8C15-185364A29C16}.Release|Any CPU.Build.0 = Release|Any CPU
	EndGlobalSection
	GlobalSection(SolutionProperties) = preSolution
		HideSolutionNode = FALSE
	EndGlobalSection
	GlobalSection(NestedProjects) = preSolution
		{CA79B1A6-DD41-AEF6-7BF0-A7D9706996FA} = {02EA681E-C7D8-13C7-8484-4AC65E1B71E8}
		{EE0BAB35-78EB-7239-EA86-47199BBA8F83} = {02EA681E-C7D8-13C7-8484-4AC65E1B71E8}
		{9D21791C-6B8D-3D2F-D529-F9BFCE1BC979} = {02EA681E-C7D8-13C7-8484-4AC65E1B71E8}
		{EF915746-A058-D8FF-5699-754FDE195129} = {02EA681E-C7D8-13C7-8484-4AC65E1B71E8}
		{DB8D403D-B7C5-7D76-0190-CB45EBCE652A} = {02EA681E-C7D8-13C7-8484-4AC65E1B71E8}
		{4A00B5B6-8D78-4B69-8C15-185364A29C16} = {02EA681E-C7D8-13C7-8484-4AC65E1B71E8}
	EndGlobalSection
	GlobalSection(ExtensibilityGlobals) = postSolution
		SolutionGuid = {081205D2-1142-4B50-8D69-1180D67D8334}
	EndGlobalSection
EndGlobal
