
Microsoft Visual Studio Solution File, Format Version 12.00
# Visual Studio Version 17
VisualStudioVersion = 17.14.36109.1 d17.14
MinimumVisualStudioVersion = 10.0.40219.1
Project("{FAE04EC0-301F-11D3-BF4B-00C04F79EFBC}") = "BusinessObjects", "BusinessObjects\BusinessObjects.csproj", "{A7B83AB8-C723-4E61-B0A3-B12942DAADD7}"
EndProject
Project("{FAE04EC0-301F-11D3-BF4B-00C04F79EFBC}") = "DataAccessLayer", "DataAccessLayer\DataAccessLayer.csproj", "{DAA6F070-BC7B-4C5F-908D-752597F00A6A}"
EndProject
Project("{FAE04EC0-301F-11D3-BF4B-00C04F79EFBC}") = "Repositories", "Repositories\Repositories.csproj", "{E7BF393F-FCE0-4B33-86D8-C5678052894C}"
EndProject
Project("{FAE04EC0-301F-11D3-BF4B-00C04F79EFBC}") = "Services", "Services\Services.csproj", "{FEA123DB-A224-4F19-B6CD-748A4D00F893}"
EndProject
Project("{FAE04EC0-301F-11D3-BF4B-00C04F79EFBC}") = "WPFApp", "WPFApp\WPFApp.csproj", "{10BF199B-6ECC-4998-BCD2-3DB911C71EA9}"
EndProject
Global
	GlobalSection(SolutionConfigurationPlatforms) = preSolution
		Debug|Any CPU = Debug|Any CPU
		Release|Any CPU = Release|Any CPU
	EndGlobalSection
	GlobalSection(ProjectConfigurationPlatforms) = postSolution
		{A7B83AB8-C723-4E61-B0A3-B12942DAADD7}.Debug|Any CPU.ActiveCfg = Debug|Any CPU
		{A7B83AB8-C723-4E61-B0A3-B12942DAADD7}.Debug|Any CPU.Build.0 = Debug|Any CPU
		{A7B83AB8-C723-4E61-B0A3-B12942DAADD7}.Release|Any CPU.ActiveCfg = Release|Any CPU
		{A7B83AB8-C723-4E61-B0A3-B12942DAADD7}.Release|Any CPU.Build.0 = Release|Any CPU
		{DAA6F070-BC7B-4C5F-908D-752597F00A6A}.Debug|Any CPU.ActiveCfg = Debug|Any CPU
		{DAA6F070-BC7B-4C5F-908D-752597F00A6A}.Debug|Any CPU.Build.0 = Debug|Any CPU
		{DAA6F070-BC7B-4C5F-908D-752597F00A6A}.Release|Any CPU.ActiveCfg = Release|Any CPU
		{DAA6F070-BC7B-4C5F-908D-752597F00A6A}.Release|Any CPU.Build.0 = Release|Any CPU
		{E7BF393F-FCE0-4B33-86D8-C5678052894C}.Debug|Any CPU.ActiveCfg = Debug|Any CPU
		{E7BF393F-FCE0-4B33-86D8-C5678052894C}.Debug|Any CPU.Build.0 = Debug|Any CPU
		{E7BF393F-FCE0-4B33-86D8-C5678052894C}.Release|Any CPU.ActiveCfg = Release|Any CPU
		{E7BF393F-FCE0-4B33-86D8-C5678052894C}.Release|Any CPU.Build.0 = Release|Any CPU
		{FEA123DB-A224-4F19-B6CD-748A4D00F893}.Debug|Any CPU.ActiveCfg = Debug|Any CPU
		{FEA123DB-A224-4F19-B6CD-748A4D00F893}.Debug|Any CPU.Build.0 = Debug|Any CPU
		{FEA123DB-A224-4F19-B6CD-748A4D00F893}.Release|Any CPU.ActiveCfg = Release|Any CPU
		{FEA123DB-A224-4F19-B6CD-748A4D00F893}.Release|Any CPU.Build.0 = Release|Any CPU
		{10BF199B-6ECC-4998-BCD2-3DB911C71EA9}.Debug|Any CPU.ActiveCfg = Debug|Any CPU
		{10BF199B-6ECC-4998-BCD2-3DB911C71EA9}.Debug|Any CPU.Build.0 = Debug|Any CPU
		{10BF199B-6ECC-4998-BCD2-3DB911C71EA9}.Release|Any CPU.ActiveCfg = Release|Any CPU
		{10BF199B-6ECC-4998-BCD2-3DB911C71EA9}.Release|Any CPU.Build.0 = Release|Any CPU
	EndGlobalSection
	GlobalSection(SolutionProperties) = preSolution
		HideSolutionNode = FALSE
	EndGlobalSection
	GlobalSection(ExtensibilityGlobals) = postSolution
		SolutionGuid = {077C59F4-DC7C-4084-BCE6-455E8A358123}
	EndGlobalSection
EndGlobal
